
Microsoft Visual Studio Solution File, Format Version 11.00
# Visual Studio 2010
Project("{FAE04EC0-301F-11D3-BF4B-00C04F79EFBC}") = "gameJam", "Assembly-CSharp.csproj", "{5CF59F21-E6FA-BF4E-8588-4ED45B335D2A}"
EndProject
Project("{FAE04EC0-301F-11D3-BF4B-00C04F79EFBC}") = "gameJam", "Assembly-CSharp-firstpass.csproj", "{9E7A7656-86F5-A959-A138-A40D25FDB512}"
EndProject
Project("{FAE04EC0-301F-11D3-BF4B-00C04F79EFBC}") = "gameJam", "Assembly-CSharp-Editor.csproj", "{39E72460-4A1D-4234-ED96-213D4547BCA7}"
EndProject
Global
	GlobalSection(SolutionConfigurationPlatforms) = preSolution
		Debug|Any CPU = Debug|Any CPU
		Release|Any CPU = Release|Any CPU
	EndGlobalSection
	GlobalSection(ProjectConfigurationPlatforms) = postSolution
		{5CF59F21-E6FA-BF4E-8588-4ED45B335D2A}.Debug|Any CPU.ActiveCfg = Debug|Any CPU
		{5CF59F21-E6FA-BF4E-8588-4ED45B335D2A}.Debug|Any CPU.Build.0 = Debug|Any CPU
		{5CF59F21-E6FA-BF4E-8588-4ED45B335D2A}.Release|Any CPU.ActiveCfg = Release|Any CPU
		{5CF59F21-E6FA-BF4E-8588-4ED45B335D2A}.Release|Any CPU.Build.0 = Release|Any CPU
		{9E7A7656-86F5-A959-A138-A40D25FDB512}.Debug|Any CPU.ActiveCfg = Debug|Any CPU
		{9E7A7656-86F5-A959-A138-A40D25FDB512}.Debug|Any CPU.Build.0 = Debug|Any CPU
		{9E7A7656-86F5-A959-A138-A40D25FDB512}.Release|Any CPU.ActiveCfg = Release|Any CPU
		{9E7A7656-86F5-A959-A138-A40D25FDB512}.Release|Any CPU.Build.0 = Release|Any CPU
		{39E72460-4A1D-4234-ED96-213D4547BCA7}.Debug|Any CPU.ActiveCfg = Debug|Any CPU
		{39E72460-4A1D-4234-ED96-213D4547BCA7}.Debug|Any CPU.Build.0 = Debug|Any CPU
		{39E72460-4A1D-4234-ED96-213D4547BCA7}.Release|Any CPU.ActiveCfg = Release|Any CPU
		{39E72460-4A1D-4234-ED96-213D4547BCA7}.Release|Any CPU.Build.0 = Release|Any CPU
	EndGlobalSection
	GlobalSection(SolutionProperties) = preSolution
		HideSolutionNode = FALSE
	EndGlobalSection
	GlobalSection(MonoDevelopProperties) = preSolution
		StartupItem = Assembly-CSharp.csproj
	EndGlobalSection
EndGlobal
